
Microsoft Visual Studio Solution File, Format Version 12.00
# Visual Studio Version 17
VisualStudioVersion = 17.5.33516.290
MinimumVisualStudioVersion = 10.0.40219.1
Project("{FAE04EC0-301F-11D3-BF4B-00C04F79EFBC}") = "React_Ecommerce_BE", "React_Ecommerce_BE.csproj", "{3CFBECF5-7AD8-4CA9-B1DF-E97B6592F896}"
EndProject
Global
	GlobalSection(SolutionConfigurationPlatforms) = preSolution
		Debug|Any CPU = Debug|Any CPU
		Release|Any CPU = Release|Any CPU
	EndGlobalSection
	GlobalSection(ProjectConfigurationPlatforms) = postSolution
		{3CFBECF5-7AD8-4CA9-B1DF-E97B6592F896}.Debug|Any CPU.ActiveCfg = Debug|Any CPU
		{3CFBECF5-7AD8-4CA9-B1DF-E97B6592F896}.Debug|Any CPU.Build.0 = Debug|Any CPU
		{3CFBECF5-7AD8-4CA9-B1DF-E97B6592F896}.Release|Any CPU.ActiveCfg = Release|Any CPU
		{3CFBECF5-7AD8-4CA9-B1DF-E97B6592F896}.Release|Any CPU.Build.0 = Release|Any CPU
	EndGlobalSection
	GlobalSection(SolutionProperties) = preSolution
		HideSolutionNode = FALSE
	EndGlobalSection
	GlobalSection(ExtensibilityGlobals) = postSolution
		SolutionGuid = {8ECCB144-D9A0-47EA-A473-2B68DC889011}
	EndGlobalSection
EndGlobal
